
Microsoft Visual Studio Solution File, Format Version 12.00
# Visual Studio Version 17
VisualStudioVersion = 17.0.32014.148
MinimumVisualStudioVersion = 10.0.40219.1
Project("{FAE04EC0-301F-11D3-BF4B-00C04F79EFBC}") = "Travelity.Android", "Travelity.Android\Travelity.Android.csproj", "{364D29E7-0E0E-4CB7-97F8-7426205D01AF}"
EndProject
Project("{FAE04EC0-301F-11D3-BF4B-00C04F79EFBC}") = "Travelity.iOS", "Travelity.iOS\Travelity.iOS.csproj", "{FC7E7EBC-F7F3-4E1E-BA62-99EACEF974C3}"
EndProject
Project("{FAE04EC0-301F-11D3-BF4B-00C04F79EFBC}") = "Travelity", "Travelity\Travelity.csproj", "{75EB8804-CB67-45A1-95E2-92B339A8D20E}"
EndProject
Global
	GlobalSection(SolutionConfigurationPlatforms) = preSolution
		Debug|Any CPU = Debug|Any CPU
		Debug|iPhone = Debug|iPhone
		Debug|iPhoneSimulator = Debug|iPhoneSimulator
		Release|Any CPU = Release|Any CPU
		Release|iPhone = Release|iPhone
		Release|iPhoneSimulator = Release|iPhoneSimulator
	EndGlobalSection
	GlobalSection(ProjectConfigurationPlatforms) = postSolution
		{364D29E7-0E0E-4CB7-97F8-7426205D01AF}.Debug|Any CPU.ActiveCfg = Debug|Any CPU
		{364D29E7-0E0E-4CB7-97F8-7426205D01AF}.Debug|Any CPU.Build.0 = Debug|Any CPU
		{364D29E7-0E0E-4CB7-97F8-7426205D01AF}.Debug|Any CPU.Deploy.0 = Debug|Any CPU
		{364D29E7-0E0E-4CB7-97F8-7426205D01AF}.Debug|iPhone.ActiveCfg = Debug|Any CPU
		{364D29E7-0E0E-4CB7-97F8-7426205D01AF}.Debug|iPhone.Build.0 = Debug|Any CPU
		{364D29E7-0E0E-4CB7-97F8-7426205D01AF}.Debug|iPhone.Deploy.0 = Debug|Any CPU
		{364D29E7-0E0E-4CB7-97F8-7426205D01AF}.Debug|iPhoneSimulator.ActiveCfg = Debug|Any CPU
		{364D29E7-0E0E-4CB7-97F8-7426205D01AF}.Debug|iPhoneSimulator.Build.0 = Debug|Any CPU
		{364D29E7-0E0E-4CB7-97F8-7426205D01AF}.Debug|iPhoneSimulator.Deploy.0 = Debug|Any CPU
		{364D29E7-0E0E-4CB7-97F8-7426205D01AF}.Release|Any CPU.ActiveCfg = Release|Any CPU
		{364D29E7-0E0E-4CB7-97F8-7426205D01AF}.Release|Any CPU.Build.0 = Release|Any CPU
		{364D29E7-0E0E-4CB7-97F8-7426205D01AF}.Release|Any CPU.Deploy.0 = Release|Any CPU
		{364D29E7-0E0E-4CB7-97F8-7426205D01AF}.Release|iPhone.ActiveCfg = Release|Any CPU
		{364D29E7-0E0E-4CB7-97F8-7426205D01AF}.Release|iPhone.Build.0 = Release|Any CPU
		{364D29E7-0E0E-4CB7-97F8-7426205D01AF}.Release|iPhone.Deploy.0 = Release|Any CPU
		{364D29E7-0E0E-4CB7-97F8-7426205D01AF}.Release|iPhoneSimulator.ActiveCfg = Release|Any CPU
		{364D29E7-0E0E-4CB7-97F8-7426205D01AF}.Release|iPhoneSimulator.Build.0 = Release|Any CPU
		{364D29E7-0E0E-4CB7-97F8-7426205D01AF}.Release|iPhoneSimulator.Deploy.0 = Release|Any CPU
		{FC7E7EBC-F7F3-4E1E-BA62-99EACEF974C3}.Debug|Any CPU.ActiveCfg = Debug|iPhone
		{FC7E7EBC-F7F3-4E1E-BA62-99EACEF974C3}.Debug|Any CPU.Build.0 = Debug|iPhone
		{FC7E7EBC-F7F3-4E1E-BA62-99EACEF974C3}.Debug|Any CPU.Deploy.0 = Debug|iPhone
		{FC7E7EBC-F7F3-4E1E-BA62-99EACEF974C3}.Debug|iPhone.ActiveCfg = Debug|iPhone
		{FC7E7EBC-F7F3-4E1E-BA62-99EACEF974C3}.Debug|iPhone.Build.0 = Debug|iPhone
		{FC7E7EBC-F7F3-4E1E-BA62-99EACEF974C3}.Debug|iPhone.Deploy.0 = Debug|iPhone
		{FC7E7EBC-F7F3-4E1E-BA62-99EACEF974C3}.Debug|iPhoneSimulator.ActiveCfg = Debug|iPhoneSimulator
		{FC7E7EBC-F7F3-4E1E-BA62-99EACEF974C3}.Debug|iPhoneSimulator.Build.0 = Debug|iPhoneSimulator
		{FC7E7EBC-F7F3-4E1E-BA62-99EACEF974C3}.Debug|iPhoneSimulator.Deploy.0 = Debug|iPhoneSimulator
		{FC7E7EBC-F7F3-4E1E-BA62-99EACEF974C3}.Release|Any CPU.ActiveCfg = Release|iPhoneSimulator
		{FC7E7EBC-F7F3-4E1E-BA62-99EACEF974C3}.Release|Any CPU.Build.0 = Release|iPhoneSimulator
		{FC7E7EBC-F7F3-4E1E-BA62-99EACEF974C3}.Release|Any CPU.Deploy.0 = Release|iPhoneSimulator
		{FC7E7EBC-F7F3-4E1E-BA62-99EACEF974C3}.Release|iPhone.ActiveCfg = Release|iPhone
		{FC7E7EBC-F7F3-4E1E-BA62-99EACEF974C3}.Release|iPhone.Build.0 = Release|iPhone
		{FC7E7EBC-F7F3-4E1E-BA62-99EACEF974C3}.Release|iPhone.Deploy.0 = Release|iPhone
		{FC7E7EBC-F7F3-4E1E-BA62-99EACEF974C3}.Release|iPhoneSimulator.ActiveCfg = Release|iPhoneSimulator
		{FC7E7EBC-F7F3-4E1E-BA62-99EACEF974C3}.Release|iPhoneSimulator.Build.0 = Release|iPhoneSimulator
		{FC7E7EBC-F7F3-4E1E-BA62-99EACEF974C3}.Release|iPhoneSimulator.Deploy.0 = Release|iPhoneSimulator
		{75EB8804-CB67-45A1-95E2-92B339A8D20E}.Debug|Any CPU.ActiveCfg = Debug|Any CPU
		{75EB8804-CB67-45A1-95E2-92B339A8D20E}.Debug|Any CPU.Build.0 = Debug|Any CPU
		{75EB8804-CB67-45A1-95E2-92B339A8D20E}.Debug|Any CPU.Deploy.0 = Debug|Any CPU
		{75EB8804-CB67-45A1-95E2-92B339A8D20E}.Debug|iPhone.ActiveCfg = Debug|Any CPU
		{75EB8804-CB67-45A1-95E2-92B339A8D20E}.Debug|iPhone.Build.0 = Debug|Any CPU
		{75EB8804-CB67-45A1-95E2-92B339A8D20E}.Debug|iPhone.Deploy.0 = Debug|Any CPU
		{75EB8804-CB67-45A1-95E2-92B339A8D20E}.Debug|iPhoneSimulator.ActiveCfg = Debug|Any CPU
		{75EB8804-CB67-45A1-95E2-92B339A8D20E}.Debug|iPhoneSimulator.Build.0 = Debug|Any CPU
		{75EB8804-CB67-45A1-95E2-92B339A8D20E}.Debug|iPhoneSimulator.Deploy.0 = Debug|Any CPU
		{75EB8804-CB67-45A1-95E2-92B339A8D20E}.Release|Any CPU.ActiveCfg = Release|Any CPU
		{75EB8804-CB67-45A1-95E2-92B339A8D20E}.Release|Any CPU.Build.0 = Release|Any CPU
		{75EB8804-CB67-45A1-95E2-92B339A8D20E}.Release|Any CPU.Deploy.0 = Release|Any CPU
		{75EB8804-CB67-45A1-95E2-92B339A8D20E}.Release|iPhone.ActiveCfg = Release|Any CPU
		{75EB8804-CB67-45A1-95E2-92B339A8D20E}.Release|iPhone.Build.0 = Release|Any CPU
		{75EB8804-CB67-45A1-95E2-92B339A8D20E}.Release|iPhone.Deploy.0 = Release|Any CPU
		{75EB8804-CB67-45A1-95E2-92B339A8D20E}.Release|iPhoneSimulator.ActiveCfg = Release|Any CPU
		{75EB8804-CB67-45A1-95E2-92B339A8D20E}.Release|iPhoneSimulator.Build.0 = Release|Any CPU
		{75EB8804-CB67-45A1-95E2-92B339A8D20E}.Release|iPhoneSimulator.Deploy.0 = Release|Any CPU
	EndGlobalSection
	GlobalSection(SolutionProperties) = preSolution
		HideSolutionNode = FALSE
	EndGlobalSection
	GlobalSection(ExtensibilityGlobals) = postSolution
		SolutionGuid = {192BB378-8E24-4DE1-A4C3-21CE3788AF19}
	EndGlobalSection
EndGlobal
